
Microsoft Visual Studio Solution File, Format Version 12.00
# Visual Studio Version 17
VisualStudioVersion = 17.14.36310.24
MinimumVisualStudioVersion = 10.0.40219.1
Project("{FAE04EC0-301F-11D3-BF4B-00C04F79EFBC}") = "Insurance.Propost", "Insurance.Propost\Insurance.Propost.csproj", "{39492906-8134-4A84-9D2A-5FEDEBBB4689}"
EndProject
Project("{2150E333-8FDC-42A3-9474-1A3956D46DE8}") = "src", "src", "{02EA681E-C7D8-13C7-8484-4AC65E1B71E8}"
EndProject
Project("{2150E333-8FDC-42A3-9474-1A3956D46DE8}") = "1.Propost", "1.Propost", "{4E9A7EFC-6F60-46C6-8D41-ED883D8EBAF5}"
EndProject
Project("{2150E333-8FDC-42A3-9474-1A3956D46DE8}") = "2.Hiring", "2.Hiring", "{A904B8E3-D4AA-481F-A5BD-268AE9D04F89}"
EndProject
Project("{FAE04EC0-301F-11D3-BF4B-00C04F79EFBC}") = "Insurance.Hiring", "Insurance.Hiring\Insurance.Hiring.csproj", "{9AECB96F-0333-4755-80EA-898A254299D7}"
EndProject
Project("{2150E333-8FDC-42A3-9474-1A3956D46DE8}") = "3.Aspire", "3.Aspire", "{F0ACCBAF-4EEF-4F07-8731-4B32E856DEED}"
EndProject
Project("{2150E333-8FDC-42A3-9474-1A3956D46DE8}") = "4.Tests", "4.Tests", "{0294ED05-8865-4E47-8916-327B9266FD24}"
EndProject
Project("{FAE04EC0-301F-11D3-BF4B-00C04F79EFBC}") = "Insurance.Tests", "Insurance.Tests\Insurance.Tests.csproj", "{6BC4C6AD-2C1B-4679-8A63-4B67FD4016E1}"
EndProject
Project("{FAE04EC0-301F-11D3-BF4B-00C04F79EFBC}") = "Insurance.ServiceDefaults", "Insurance.ServiceDefaults\Insurance.ServiceDefaults.csproj", "{47209CFD-76F5-442F-A880-005B72E50CF2}"
EndProject
Project("{FAE04EC0-301F-11D3-BF4B-00C04F79EFBC}") = "Insurance.AppHost", "Insurance.AppHost\Insurance.AppHost.csproj", "{5271506C-5A6F-4ACA-A215-3E59264C6329}"
EndProject
Project("{2150E333-8FDC-42A3-9474-1A3956D46DE8}") = "1.ApiService", "1.ApiService", "{4E42CEB0-B78A-466D-A09C-4C8FFC1E5D9C}"
EndProject
Project("{2150E333-8FDC-42A3-9474-1A3956D46DE8}") = "3.Domain", "3.Domain", "{7F162C96-73F9-4DB9-9712-0CD1AEEBBD16}"
EndProject
Project("{2150E333-8FDC-42A3-9474-1A3956D46DE8}") = "2.Application", "2.Application", "{4BF63E83-17C4-45C9-B869-D64963582212}"
EndProject
Project("{2150E333-8FDC-42A3-9474-1A3956D46DE8}") = "4.Infrastructure", "4.Infrastructure", "{9E54AB7C-FA26-40EF-AA73-2DBA9E55AEEA}"
EndProject
Project("{2150E333-8FDC-42A3-9474-1A3956D46DE8}") = "5.Adapters", "5.Adapters", "{353F23FA-EA80-4150-9B19-3D3ECEED41E4}"
EndProject
Project("{2150E333-8FDC-42A3-9474-1A3956D46DE8}") = "1.ApiService", "1.ApiService", "{51764F79-93F1-4BFE-8D42-FE2D2BC6265C}"
EndProject
Project("{2150E333-8FDC-42A3-9474-1A3956D46DE8}") = "2.Application", "2.Application", "{BFD368E1-5812-446E-A172-38D7CF4AA4C5}"
EndProject
Project("{2150E333-8FDC-42A3-9474-1A3956D46DE8}") = "3.Domain", "3.Domain", "{C02919A8-01E9-487E-B4F1-86330BB52F00}"
EndProject
Project("{2150E333-8FDC-42A3-9474-1A3956D46DE8}") = "4.Infrastructure", "4.Infrastructure", "{6ABFE5FB-C6FB-41B7-96FC-03C0C9CBE848}"
EndProject
Project("{2150E333-8FDC-42A3-9474-1A3956D46DE8}") = "5.Adapters", "5.Adapters", "{9D8D21DF-DCC6-4EFD-A0DD-E147043A4ED3}"
EndProject
Project("{FAE04EC0-301F-11D3-BF4B-00C04F79EFBC}") = "Insurance.Propost.Domain", "Insurance.Propost.Domain\Insurance.Propost.Domain.csproj", "{D7AAD687-5C88-476E-ADDB-26EC4331A38E}"
EndProject
Project("{FAE04EC0-301F-11D3-BF4B-00C04F79EFBC}") = "Insurance.Propost.Application", "Insurance.Propost.Application\Insurance.Propost.Application.csproj", "{13BFF901-4CBD-4376-ADE4-83398A2F1B9E}"
EndProject
Project("{FAE04EC0-301F-11D3-BF4B-00C04F79EFBC}") = "Insurance.Propost.Infra", "Insurance.Propost.Infra\Insurance.Propost.Infra.csproj", "{13643682-F6C2-4C77-9B9E-B4264B3EE89E}"
EndProject
Project("{FAE04EC0-301F-11D3-BF4B-00C04F79EFBC}") = "Insurance.Propost.Adapter", "Insurance.Propost.Adapter\Insurance.Propost.Adapter.csproj", "{16EB0962-8ED6-4F44-9CA8-0644F8248B1A}"
EndProject
Project("{2150E333-8FDC-42A3-9474-1A3956D46DE8}") = "5.Shared", "5.Shared", "{C4B5410A-BEE8-4011-952E-A1AFC0E0EF4E}"
EndProject
Project("{FAE04EC0-301F-11D3-BF4B-00C04F79EFBC}") = "Insurance.Shared", "Insurance.Shared\Insurance.Shared.csproj", "{2B2B0430-D2DD-4A19-8342-1FE52AFBE26B}"
EndProject
Project("{FAE04EC0-301F-11D3-BF4B-00C04F79EFBC}") = "Insurance.Hiring.Domain", "Insurance.Hiring.Domain\Insurance.Hiring.Domain.csproj", "{508CFAD8-79F1-4FC1-9CEF-659DE9EFE6CE}"
EndProject
Project("{FAE04EC0-301F-11D3-BF4B-00C04F79EFBC}") = "Insurance.Hiring.Application", "Insurance.Hiring.Application\Insurance.Hiring.Application.csproj", "{71992D5E-8E09-4114-8274-695E08CEAED7}"
EndProject
Project("{FAE04EC0-301F-11D3-BF4B-00C04F79EFBC}") = "Insurance.Hiring.Adapter", "Insurance.Hiring.Adapter\Insurance.Hiring.Adapter.csproj", "{E9D509FE-198E-47BA-9FED-89845707F8BB}"
EndProject
Project("{FAE04EC0-301F-11D3-BF4B-00C04F79EFBC}") = "Insurance.Hiring.Infra", "Insurance.Hiring.Infra\Insurance.Hiring.Infra.csproj", "{47C71BD9-3E3B-4053-94F4-14B34D483FA7}"
EndProject
Global
	GlobalSection(SolutionConfigurationPlatforms) = preSolution
		Debug|Any CPU = Debug|Any CPU
		Release|Any CPU = Release|Any CPU
	EndGlobalSection
	GlobalSection(ProjectConfigurationPlatforms) = postSolution
		{39492906-8134-4A84-9D2A-5FEDEBBB4689}.Debug|Any CPU.ActiveCfg = Debug|Any CPU
		{39492906-8134-4A84-9D2A-5FEDEBBB4689}.Debug|Any CPU.Build.0 = Debug|Any CPU
		{39492906-8134-4A84-9D2A-5FEDEBBB4689}.Release|Any CPU.ActiveCfg = Release|Any CPU
		{39492906-8134-4A84-9D2A-5FEDEBBB4689}.Release|Any CPU.Build.0 = Release|Any CPU
		{9AECB96F-0333-4755-80EA-898A254299D7}.Debug|Any CPU.ActiveCfg = Debug|Any CPU
		{9AECB96F-0333-4755-80EA-898A254299D7}.Debug|Any CPU.Build.0 = Debug|Any CPU
		{9AECB96F-0333-4755-80EA-898A254299D7}.Release|Any CPU.ActiveCfg = Release|Any CPU
		{9AECB96F-0333-4755-80EA-898A254299D7}.Release|Any CPU.Build.0 = Release|Any CPU
		{6BC4C6AD-2C1B-4679-8A63-4B67FD4016E1}.Debug|Any CPU.ActiveCfg = Debug|Any CPU
		{6BC4C6AD-2C1B-4679-8A63-4B67FD4016E1}.Debug|Any CPU.Build.0 = Debug|Any CPU
		{6BC4C6AD-2C1B-4679-8A63-4B67FD4016E1}.Release|Any CPU.ActiveCfg = Release|Any CPU
		{6BC4C6AD-2C1B-4679-8A63-4B67FD4016E1}.Release|Any CPU.Build.0 = Release|Any CPU
		{47209CFD-76F5-442F-A880-005B72E50CF2}.Debug|Any CPU.ActiveCfg = Debug|Any CPU
		{47209CFD-76F5-442F-A880-005B72E50CF2}.Debug|Any CPU.Build.0 = Debug|Any CPU
		{47209CFD-76F5-442F-A880-005B72E50CF2}.Release|Any CPU.ActiveCfg = Release|Any CPU
		{47209CFD-76F5-442F-A880-005B72E50CF2}.Release|Any CPU.Build.0 = Release|Any CPU
		{5271506C-5A6F-4ACA-A215-3E59264C6329}.Debug|Any CPU.ActiveCfg = Debug|Any CPU
		{5271506C-5A6F-4ACA-A215-3E59264C6329}.Debug|Any CPU.Build.0 = Debug|Any CPU
		{5271506C-5A6F-4ACA-A215-3E59264C6329}.Release|Any CPU.ActiveCfg = Release|Any CPU
		{5271506C-5A6F-4ACA-A215-3E59264C6329}.Release|Any CPU.Build.0 = Release|Any CPU
		{D7AAD687-5C88-476E-ADDB-26EC4331A38E}.Debug|Any CPU.ActiveCfg = Debug|Any CPU
		{D7AAD687-5C88-476E-ADDB-26EC4331A38E}.Debug|Any CPU.Build.0 = Debug|Any CPU
		{D7AAD687-5C88-476E-ADDB-26EC4331A38E}.Release|Any CPU.ActiveCfg = Release|Any CPU
		{D7AAD687-5C88-476E-ADDB-26EC4331A38E}.Release|Any CPU.Build.0 = Release|Any CPU
		{13BFF901-4CBD-4376-ADE4-83398A2F1B9E}.Debug|Any CPU.ActiveCfg = Debug|Any CPU
		{13BFF901-4CBD-4376-ADE4-83398A2F1B9E}.Debug|Any CPU.Build.0 = Debug|Any CPU
		{13BFF901-4CBD-4376-ADE4-83398A2F1B9E}.Release|Any CPU.ActiveCfg = Release|Any CPU
		{13BFF901-4CBD-4376-ADE4-83398A2F1B9E}.Release|Any CPU.Build.0 = Release|Any CPU
		{13643682-F6C2-4C77-9B9E-B4264B3EE89E}.Debug|Any CPU.ActiveCfg = Debug|Any CPU
		{13643682-F6C2-4C77-9B9E-B4264B3EE89E}.Debug|Any CPU.Build.0 = Debug|Any CPU
		{13643682-F6C2-4C77-9B9E-B4264B3EE89E}.Release|Any CPU.ActiveCfg = Release|Any CPU
		{13643682-F6C2-4C77-9B9E-B4264B3EE89E}.Release|Any CPU.Build.0 = Release|Any CPU
		{16EB0962-8ED6-4F44-9CA8-0644F8248B1A}.Debug|Any CPU.ActiveCfg = Debug|Any CPU
		{16EB0962-8ED6-4F44-9CA8-0644F8248B1A}.Debug|Any CPU.Build.0 = Debug|Any CPU
		{16EB0962-8ED6-4F44-9CA8-0644F8248B1A}.Release|Any CPU.ActiveCfg = Release|Any CPU
		{16EB0962-8ED6-4F44-9CA8-0644F8248B1A}.Release|Any CPU.Build.0 = Release|Any CPU
		{2B2B0430-D2DD-4A19-8342-1FE52AFBE26B}.Debug|Any CPU.ActiveCfg = Debug|Any CPU
		{2B2B0430-D2DD-4A19-8342-1FE52AFBE26B}.Debug|Any CPU.Build.0 = Debug|Any CPU
		{2B2B0430-D2DD-4A19-8342-1FE52AFBE26B}.Release|Any CPU.ActiveCfg = Release|Any CPU
		{2B2B0430-D2DD-4A19-8342-1FE52AFBE26B}.Release|Any CPU.Build.0 = Release|Any CPU
		{508CFAD8-79F1-4FC1-9CEF-659DE9EFE6CE}.Debug|Any CPU.ActiveCfg = Debug|Any CPU
		{508CFAD8-79F1-4FC1-9CEF-659DE9EFE6CE}.Debug|Any CPU.Build.0 = Debug|Any CPU
		{508CFAD8-79F1-4FC1-9CEF-659DE9EFE6CE}.Release|Any CPU.ActiveCfg = Release|Any CPU
		{508CFAD8-79F1-4FC1-9CEF-659DE9EFE6CE}.Release|Any CPU.Build.0 = Release|Any CPU
		{71992D5E-8E09-4114-8274-695E08CEAED7}.Debug|Any CPU.ActiveCfg = Debug|Any CPU
		{71992D5E-8E09-4114-8274-695E08CEAED7}.Debug|Any CPU.Build.0 = Debug|Any CPU
		{71992D5E-8E09-4114-8274-695E08CEAED7}.Release|Any CPU.ActiveCfg = Release|Any CPU
		{71992D5E-8E09-4114-8274-695E08CEAED7}.Release|Any CPU.Build.0 = Release|Any CPU
		{E9D509FE-198E-47BA-9FED-89845707F8BB}.Debug|Any CPU.ActiveCfg = Debug|Any CPU
		{E9D509FE-198E-47BA-9FED-89845707F8BB}.Debug|Any CPU.Build.0 = Debug|Any CPU
		{E9D509FE-198E-47BA-9FED-89845707F8BB}.Release|Any CPU.ActiveCfg = Release|Any CPU
		{E9D509FE-198E-47BA-9FED-89845707F8BB}.Release|Any CPU.Build.0 = Release|Any CPU
		{47C71BD9-3E3B-4053-94F4-14B34D483FA7}.Debug|Any CPU.ActiveCfg = Debug|Any CPU
		{47C71BD9-3E3B-4053-94F4-14B34D483FA7}.Debug|Any CPU.Build.0 = Debug|Any CPU
		{47C71BD9-3E3B-4053-94F4-14B34D483FA7}.Release|Any CPU.ActiveCfg = Release|Any CPU
		{47C71BD9-3E3B-4053-94F4-14B34D483FA7}.Release|Any CPU.Build.0 = Release|Any CPU
	EndGlobalSection
	GlobalSection(SolutionProperties) = preSolution
		HideSolutionNode = FALSE
	EndGlobalSection
	GlobalSection(NestedProjects) = preSolution
		{39492906-8134-4A84-9D2A-5FEDEBBB4689} = {4E42CEB0-B78A-466D-A09C-4C8FFC1E5D9C}
		{4E9A7EFC-6F60-46C6-8D41-ED883D8EBAF5} = {02EA681E-C7D8-13C7-8484-4AC65E1B71E8}
		{A904B8E3-D4AA-481F-A5BD-268AE9D04F89} = {02EA681E-C7D8-13C7-8484-4AC65E1B71E8}
		{9AECB96F-0333-4755-80EA-898A254299D7} = {51764F79-93F1-4BFE-8D42-FE2D2BC6265C}
		{F0ACCBAF-4EEF-4F07-8731-4B32E856DEED} = {02EA681E-C7D8-13C7-8484-4AC65E1B71E8}
		{0294ED05-8865-4E47-8916-327B9266FD24} = {02EA681E-C7D8-13C7-8484-4AC65E1B71E8}
		{6BC4C6AD-2C1B-4679-8A63-4B67FD4016E1} = {0294ED05-8865-4E47-8916-327B9266FD24}
		{47209CFD-76F5-442F-A880-005B72E50CF2} = {F0ACCBAF-4EEF-4F07-8731-4B32E856DEED}
		{5271506C-5A6F-4ACA-A215-3E59264C6329} = {F0ACCBAF-4EEF-4F07-8731-4B32E856DEED}
		{4E42CEB0-B78A-466D-A09C-4C8FFC1E5D9C} = {4E9A7EFC-6F60-46C6-8D41-ED883D8EBAF5}
		{7F162C96-73F9-4DB9-9712-0CD1AEEBBD16} = {4E9A7EFC-6F60-46C6-8D41-ED883D8EBAF5}
		{4BF63E83-17C4-45C9-B869-D64963582212} = {4E9A7EFC-6F60-46C6-8D41-ED883D8EBAF5}
		{9E54AB7C-FA26-40EF-AA73-2DBA9E55AEEA} = {4E9A7EFC-6F60-46C6-8D41-ED883D8EBAF5}
		{353F23FA-EA80-4150-9B19-3D3ECEED41E4} = {4E9A7EFC-6F60-46C6-8D41-ED883D8EBAF5}
		{51764F79-93F1-4BFE-8D42-FE2D2BC6265C} = {A904B8E3-D4AA-481F-A5BD-268AE9D04F89}
		{BFD368E1-5812-446E-A172-38D7CF4AA4C5} = {A904B8E3-D4AA-481F-A5BD-268AE9D04F89}
		{C02919A8-01E9-487E-B4F1-86330BB52F00} = {A904B8E3-D4AA-481F-A5BD-268AE9D04F89}
		{6ABFE5FB-C6FB-41B7-96FC-03C0C9CBE848} = {A904B8E3-D4AA-481F-A5BD-268AE9D04F89}
		{9D8D21DF-DCC6-4EFD-A0DD-E147043A4ED3} = {A904B8E3-D4AA-481F-A5BD-268AE9D04F89}
		{D7AAD687-5C88-476E-ADDB-26EC4331A38E} = {7F162C96-73F9-4DB9-9712-0CD1AEEBBD16}
		{13BFF901-4CBD-4376-ADE4-83398A2F1B9E} = {4BF63E83-17C4-45C9-B869-D64963582212}
		{13643682-F6C2-4C77-9B9E-B4264B3EE89E} = {9E54AB7C-FA26-40EF-AA73-2DBA9E55AEEA}
		{16EB0962-8ED6-4F44-9CA8-0644F8248B1A} = {353F23FA-EA80-4150-9B19-3D3ECEED41E4}
		{C4B5410A-BEE8-4011-952E-A1AFC0E0EF4E} = {02EA681E-C7D8-13C7-8484-4AC65E1B71E8}
		{2B2B0430-D2DD-4A19-8342-1FE52AFBE26B} = {C4B5410A-BEE8-4011-952E-A1AFC0E0EF4E}
		{508CFAD8-79F1-4FC1-9CEF-659DE9EFE6CE} = {C02919A8-01E9-487E-B4F1-86330BB52F00}
		{71992D5E-8E09-4114-8274-695E08CEAED7} = {BFD368E1-5812-446E-A172-38D7CF4AA4C5}
		{E9D509FE-198E-47BA-9FED-89845707F8BB} = {9D8D21DF-DCC6-4EFD-A0DD-E147043A4ED3}
		{47C71BD9-3E3B-4053-94F4-14B34D483FA7} = {6ABFE5FB-C6FB-41B7-96FC-03C0C9CBE848}
	EndGlobalSection
	GlobalSection(ExtensibilityGlobals) = postSolution
		SolutionGuid = {B5F98894-7465-43B9-940C-4CF9BA61BBF0}
	EndGlobalSection
EndGlobal
